
Microsoft Visual Studio Solution File, Format Version 12.00
# Visual Studio Version 17
VisualStudioVersion = 17.14.36705.20
MinimumVisualStudioVersion = 10.0.40219.1
Project("{FAE04EC0-301F-11D3-BF4B-00C04F79EFBC}") = "TakeMeGameWinFormsApp", "TakeMeGameWinFormsApp\TakeMeGameWinFormsApp.csproj", "{837AE500-B168-4357-92C1-F1551DEA8CAC}"
EndProject
Project("{FAE04EC0-301F-11D3-BF4B-00C04F79EFBC}") = "TakeMeGameWinFormsAppHard", "TakeMeGameWinFormsAppHard\TakeMeGameWinFormsAppHard.csproj", "{0C67ED54-E3F0-418B-85DA-743A312A8830}"
EndProject
Project("{FAE04EC0-301F-11D3-BF4B-00C04F79EFBC}") = "Balls.Common", "Balls.Common\Balls.Common.csproj", "{23BBDBB2-9FE7-4DCD-8F7F-F02A63DBE635}"
EndProject
Project("{FAE04EC0-301F-11D3-BF4B-00C04F79EFBC}") = "BilliardGameWinFormsApp", "BilliardGameWinFormsApp\BilliardGameWinFormsApp.csproj", "{D3871FEE-6859-4C91-B13B-1DE20B092F68}"
EndProject
Global
	GlobalSection(SolutionConfigurationPlatforms) = preSolution
		Debug|Any CPU = Debug|Any CPU
		Release|Any CPU = Release|Any CPU
	EndGlobalSection
	GlobalSection(ProjectConfigurationPlatforms) = postSolution
		{837AE500-B168-4357-92C1-F1551DEA8CAC}.Debug|Any CPU.ActiveCfg = Debug|Any CPU
		{837AE500-B168-4357-92C1-F1551DEA8CAC}.Debug|Any CPU.Build.0 = Debug|Any CPU
		{837AE500-B168-4357-92C1-F1551DEA8CAC}.Release|Any CPU.ActiveCfg = Release|Any CPU
		{837AE500-B168-4357-92C1-F1551DEA8CAC}.Release|Any CPU.Build.0 = Release|Any CPU
		{0C67ED54-E3F0-418B-85DA-743A312A8830}.Debug|Any CPU.ActiveCfg = Debug|Any CPU
		{0C67ED54-E3F0-418B-85DA-743A312A8830}.Debug|Any CPU.Build.0 = Debug|Any CPU
		{0C67ED54-E3F0-418B-85DA-743A312A8830}.Release|Any CPU.ActiveCfg = Release|Any CPU
		{0C67ED54-E3F0-418B-85DA-743A312A8830}.Release|Any CPU.Build.0 = Release|Any CPU
		{23BBDBB2-9FE7-4DCD-8F7F-F02A63DBE635}.Debug|Any CPU.ActiveCfg = Debug|Any CPU
		{23BBDBB2-9FE7-4DCD-8F7F-F02A63DBE635}.Debug|Any CPU.Build.0 = Debug|Any CPU
		{23BBDBB2-9FE7-4DCD-8F7F-F02A63DBE635}.Release|Any CPU.ActiveCfg = Release|Any CPU
		{23BBDBB2-9FE7-4DCD-8F7F-F02A63DBE635}.Release|Any CPU.Build.0 = Release|Any CPU
		{D3871FEE-6859-4C91-B13B-1DE20B092F68}.Debug|Any CPU.ActiveCfg = Debug|Any CPU
		{D3871FEE-6859-4C91-B13B-1DE20B092F68}.Debug|Any CPU.Build.0 = Debug|Any CPU
		{D3871FEE-6859-4C91-B13B-1DE20B092F68}.Release|Any CPU.ActiveCfg = Release|Any CPU
		{D3871FEE-6859-4C91-B13B-1DE20B092F68}.Release|Any CPU.Build.0 = Release|Any CPU
	EndGlobalSection
	GlobalSection(SolutionProperties) = preSolution
		HideSolutionNode = FALSE
	EndGlobalSection
	GlobalSection(ExtensibilityGlobals) = postSolution
		SolutionGuid = {6C252054-A20D-4B98-A566-E5EF6F6C74A7}
	EndGlobalSection
EndGlobal
